
Microsoft Visual Studio Solution File, Format Version 12.00
# Visual Studio Version 16
VisualStudioVersion = 16.0.31402.337
MinimumVisualStudioVersion = 10.0.40219.1
Project("{FAE04EC0-301F-11D3-BF4B-00C04F79EFBC}") = "Sort", "Sort.csproj", "{8FD7FFE7-BCA0-4381-8300-AA9E92C55F29}"
EndProject
Project("{FAE04EC0-301F-11D3-BF4B-00C04F79EFBC}") = "Sort.Tests", "..\Sort.Tests\Sort.Tests.csproj", "{BBE117D7-A4A6-4458-BF5A-A5FCFC557436}"
EndProject
Global
	GlobalSection(SolutionConfigurationPlatforms) = preSolution
		Debug|Any CPU = Debug|Any CPU
		Release|Any CPU = Release|Any CPU
	EndGlobalSection
	GlobalSection(ProjectConfigurationPlatforms) = postSolution
		{8FD7FFE7-BCA0-4381-8300-AA9E92C55F29}.Debug|Any CPU.ActiveCfg = Debug|Any CPU
		{8FD7FFE7-BCA0-4381-8300-AA9E92C55F29}.Debug|Any CPU.Build.0 = Debug|Any CPU
		{8FD7FFE7-BCA0-4381-8300-AA9E92C55F29}.Release|Any CPU.ActiveCfg = Release|Any CPU
		{8FD7FFE7-BCA0-4381-8300-AA9E92C55F29}.Release|Any CPU.Build.0 = Release|Any CPU
		{BBE117D7-A4A6-4458-BF5A-A5FCFC557436}.Debug|Any CPU.ActiveCfg = Debug|Any CPU
		{BBE117D7-A4A6-4458-BF5A-A5FCFC557436}.Debug|Any CPU.Build.0 = Debug|Any CPU
		{BBE117D7-A4A6-4458-BF5A-A5FCFC557436}.Release|Any CPU.ActiveCfg = Release|Any CPU
		{BBE117D7-A4A6-4458-BF5A-A5FCFC557436}.Release|Any CPU.Build.0 = Release|Any CPU
	EndGlobalSection
	GlobalSection(SolutionProperties) = preSolution
		HideSolutionNode = FALSE
	EndGlobalSection
	GlobalSection(ExtensibilityGlobals) = postSolution
		SolutionGuid = {2369C76D-E556-4AA6-AE30-610CF3E8D6E9}
	EndGlobalSection
EndGlobal
